{
  "name": "js-modules",
  "version": "1.0.0",
  "lockfileVersion": 1,
  "requires": true,
  "dependencies": {
    "slug": {
      "version": "0.9.3",
      "resolved": "https://registry.npmjs.org/slug/-/slug-0.9.3.tgz",
      "integrity": "sha512-DddSQQnUdAofjFOKRT+zsMNrdzdte04G5DUA+NeaUJlPAqR1bWQ22qVfayRxHFiRGR3bUV0wt5VSj4849pGKSw==",
      "requires": {
        "unicode": ">= 0.3.1"
      }
    },
    "unicode": {
      "version": "11.0.1",
      "resolved": "https://registry.npmjs.org/unicode/-/unicode-11.0.1.tgz",
      "integrity": "sha512-+cHtykLb+eF1yrSLWTwcYBrqJkTfX7Quoyg7Juhe6uylF43ZbMdxMuSHNYlnyLT8T7POAvavgBthzUF9AIaQvQ=="
    }
  }
}
